
Microsoft Visual Studio Solution File, Format Version 12.00
# Visual Studio 15
VisualStudioVersion = 15.0.28010.2026
MinimumVisualStudioVersion = 10.0.40219.1
Project("{FAE04EC0-301F-11D3-BF4B-00C04F79EFBC}") = "Simplebukkit", "Simplebukkit.csproj", "{55B1D38C-64E8-41F3-AD49-97C8C62109C9}"
EndProject
Global
	GlobalSection(SolutionConfigurationPlatforms) = preSolution
		Debug|Any CPU = Debug|Any CPU
		Release|Any CPU = Release|Any CPU
	EndGlobalSection
	GlobalSection(ProjectConfigurationPlatforms) = postSolution
		{55B1D38C-64E8-41F3-AD49-97C8C62109C9}.Debug|Any CPU.ActiveCfg = Debug|Any CPU
		{55B1D38C-64E8-41F3-AD49-97C8C62109C9}.Debug|Any CPU.Build.0 = Debug|Any CPU
		{55B1D38C-64E8-41F3-AD49-97C8C62109C9}.Release|Any CPU.ActiveCfg = Release|Any CPU
		{55B1D38C-64E8-41F3-AD49-97C8C62109C9}.Release|Any CPU.Build.0 = Release|Any CPU
	EndGlobalSection
	GlobalSection(SolutionProperties) = preSolution
		HideSolutionNode = FALSE
	EndGlobalSection
	GlobalSection(ExtensibilityGlobals) = postSolution
		SolutionGuid = {854A3F09-5209-46B5-97F8-1038854F1979}
	EndGlobalSection
EndGlobal
